// !$*UTF8*$!
{
	archiveVersion = 1;
	classes = {
	};
	objectVersion = 50;
	objects = {

/* Begin PBXBuildFile section */
		0039D94824EE94BF00026024 /* AppDelegate.swift in Sources */ = {isa = PBXBuildFile; fileRef = 0039D94724EE94BF00026024 /* AppDelegate.swift */; };
		0039D94C24EE94BF00026024 /* ViewController.swift in Sources */ = {isa = PBXBuildFile; fileRef = 0039D94B24EE94BF00026024 /* ViewController.swift */; };
		0039D94F24EE94BF00026024 /* Main.storyboard in Resources */ = {isa = PBXBuildFile; fileRef = 0039D94D24EE94BF00026024 /* Main.storyboard */; };
		0039D95124EE94C000026024 /* Assets.xcassets in Resources */ = {isa = PBXBuildFile; fileRef = 0039D95024EE94C000026024 /* Assets.xcassets */; };
		0039D95424EE94C000026024 /* LaunchScreen.storyboard in Resources */ = {isa = PBXBuildFile; fileRef = 0039D95224EE94C000026024 /* LaunchScreen.storyboard */; };
		0039D96124EE94F300026024 /* LoaderShape.swift in Sources */ = {isa = PBXBuildFile; fileRef = 0039D95D24EE94F300026024 /* LoaderShape.swift */; };
		0039D96224EE94F300026024 /* ActivityIndicatorType.swift in Sources */ = {isa = PBXBuildFile; fileRef = 0039D95E24EE94F300026024 /* ActivityIndicatorType.swift */; };
		0039D96324EE94F300026024 /* ActivityIndicatorAnimationArc.swift in Sources */ = {isa = PBXBuildFile; fileRef = 0039D95F24EE94F300026024 /* ActivityIndicatorAnimationArc.swift */; };
		0039D96424EE94F300026024 /* ActivityIndicatorDelegate.swift in Sources */ = {isa = PBXBuildFile; fileRef = 0039D96024EE94F300026024 /* ActivityIndicatorDelegate.swift */; };
/* End PBXBuildFile section */

/* Begin PBXFileReference section */
		0039D94424EE94BF00026024 /* ArcLoader.app */ = {isa = PBXFileReference; explicitFileType = wrapper.application; includeInIndex = 0; path = ArcLoader.app; sourceTree = BUILT_PRODUCTS_DIR; };
		0039D94724EE94BF00026024 /* AppDelegate.swift */ = {isa = PBXFileReference; lastKnownFileType = sourcecode.swift; path = AppDelegate.swift; sourceTree = "<group>"; };
		0039D94B24EE94BF00026024 /* ViewController.swift */ = {isa = PBXFileReference; lastKnownFileType = sourcecode.swift; path = ViewController.swift; sourceTree = "<group>"; };
		0039D94E24EE94BF00026024 /* Base */ = {isa = PBXFileReference; lastKnownFileType = file.storyboard; name = Base; path = Base.lproj/Main.storyboard; sourceTree = "<group>"; };
		0039D95024EE94C000026024 /* Assets.xcassets */ = {isa = PBXFileReference; lastKnownFileType = folder.assetcatalog; path = Assets.xcassets; sourceTree = "<group>"; };
		0039D95324EE94C000026024 /* Base */ = {isa = PBXFileReference; lastKnownFileType = file.storyboard; name = Base; path = Base.lproj/LaunchScreen.storyboard; sourceTree = "<group>"; };
		0039D95524EE94C000026024 /* Info.plist */ = {isa = PBXFileReference; lastKnownFileType = text.plist.xml; path = Info.plist; sourceTree = "<group>"; };
		0039D95D24EE94F300026024 /* LoaderShape.swift */ = {isa = PBXFileReference; fileEncoding = 4; lastKnownFileType = sourcecode.swift; path = LoaderShape.swift; sourceTree = "<group>"; };
		0039D95E24EE94F300026024 /* ActivityIndicatorType.swift */ = {isa = PBXFileReference; fileEncoding = 4; lastKnownFileType = sourcecode.swift; path = ActivityIndicatorType.swift; sourceTree = "<group>"; };
		0039D95F24EE94F300026024 /* ActivityIndicatorAnimationArc.swift */ = {isa = PBXFileReference; fileEncoding = 4; lastKnownFileType = sourcecode.swift; path = ActivityIndicatorAnimationArc.swift; sourceTree = "<group>"; };
		0039D96024EE94F300026024 /* ActivityIndicatorDelegate.swift */ = {isa = PBXFileReference; fileEncoding = 4; lastKnownFileType = sourcecode.swift; path = ActivityIndicatorDelegate.swift; sourceTree = "<group>"; };
/* End PBXFileReference section */

/* Begin PBXFrameworksBuildPhase section */
		0039D94124EE94BF00026024 /* Frameworks */ = {
			isa = PBXFrameworksBuildPhase;
			buildActionMask = 2147483647;
			files = (
			);
			runOnlyForDeploymentPostprocessing = 0;
		};
/* End PBXFrameworksBuildPhase section */

/* Begin PBXGroup section */
		0039D93B24EE94BF00026024 = {
			isa = PBXGroup;
			children = (
				0039D94624EE94BF00026024 /* ArcLoader */,
				0039D94524EE94BF00026024 /* Products */,
			);
			sourceTree = "<group>";
		};
		0039D94524EE94BF00026024 /* Products */ = {
			isa = PBXGroup;
			children = (
				0039D94424EE94BF00026024 /* ArcLoader.app */,
			);
			name = Products;
			sourceTree = "<group>";
		};
		0039D94624EE94BF00026024 /* ArcLoader */ = {
			isa = PBXGroup;
			children = (
				0039D95C24EE94CC00026024 /* Example */,
				0039D95B24EE94C500026024 /* Source */,
			);
			path = ArcLoader;
			sourceTree = "<group>";
		};
		0039D95B24EE94C500026024 /* Source */ = {
			isa = PBXGroup;
			children = (
				0039D95F24EE94F300026024 /* ActivityIndicatorAnimationArc.swift */,
				0039D96024EE94F300026024 /* ActivityIndicatorDelegate.swift */,
				0039D95D24EE94F300026024 /* LoaderShape.swift */,
				0039D95E24EE94F300026024 /* ActivityIndicatorType.swift */,
			);
			path = Source;
			sourceTree = "<group>";
		};
		0039D95C24EE94CC00026024 /* Example */ = {
			isa = PBXGroup;
			children = (
				0039D94B24EE94BF00026024 /* ViewController.swift */,
				0039D94724EE94BF00026024 /* AppDelegate.swift */,
				0039D95224EE94C000026024 /* LaunchScreen.storyboard */,
				0039D94D24EE94BF00026024 /* Main.storyboard */,
				0039D95524EE94C000026024 /* Info.plist */,
				0039D95024EE94C000026024 /* Assets.xcassets */,
			);
			path = Example;
			sourceTree = "<group>";
		};
/* End PBXGroup section */

/* Begin PBXNativeTarget section */
		0039D94324EE94BF00026024 /* ArcLoader */ = {
			isa = PBXNativeTarget;
			buildConfigurationList = 0039D95824EE94C000026024 /* Build configuration list for PBXNativeTarget "ArcLoader" */;
			buildPhases = (
				0039D94024EE94BF00026024 /* Sources */,
				0039D94124EE94BF00026024 /* Frameworks */,
				0039D94224EE94BF00026024 /* Resources */,
			);
			buildRules = (
			);
			dependencies = (
			);
			name = ArcLoader;
			productName = ArcLoader;
			productReference = 0039D94424EE94BF00026024 /* ArcLoader.app */;
			productType = "com.apple.product-type.application";
		};
/* End PBXNativeTarget section */

/* Begin PBXProject section */
		0039D93C24EE94BF00026024 /* Project object */ = {
			isa = PBXProject;
			attributes = {
				LastSwiftUpdateCheck = 1130;
				LastUpgradeCheck = 1130;
				ORGANIZATIONNAME = "Aman Gangurde";
				TargetAttributes = {
					0039D94324EE94BF00026024 = {
						CreatedOnToolsVersion = 11.3.1;
					};
				};
			};
			buildConfigurationList = 0039D93F24EE94BF00026024 /* Build configuration list for PBXProject "ArcLoader" */;
			compatibilityVersion = "Xcode 9.3";
			developmentRegion = en;
			hasScannedForEncodings = 0;
			knownRegions = (
				en,
				Base,
			);
			mainGroup = 0039D93B24EE94BF00026024;
			productRefGroup = 0039D94524EE94BF00026024 /* Products */;
			projectDirPath = "";
			projectRoot = "";
			targets = (
				0039D94324EE94BF00026024 /* ArcLoader */,
			);
		};
/* End PBXProject section */

/* Begin PBXResourcesBuildPhase section */
		0039D94224EE94BF00026024 /* Resources */ = {
			isa = PBXResourcesBuildPhase;
			buildActionMask = 2147483647;
			files = (
				0039D95424EE94C000026024 /* LaunchScreen.storyboard in Resources */,
				0039D95124EE94C000026024 /* Assets.xcassets in Resources */,
				0039D94F24EE94BF00026024 /* Main.storyboard in Resources */,
			);
			runOnlyForDeploymentPostprocessing = 0;
		};
/* End PBXResourcesBuildPhase section */

/* Begin PBXSourcesBuildPhase section */
		0039D94024EE94BF00026024 /* Sources */ = {
			isa = PBXSourcesBuildPhase;
			buildActionMask = 2147483647;
			files = (
				0039D96124EE94F300026024 /* LoaderShape.swift in Sources */,
				0039D96224EE94F300026024 /* ActivityIndicatorType.swift in Sources */,
				0039D94C24EE94BF00026024 /* ViewController.swift in Sources */,
				0039D96324EE94F300026024 /* ActivityIndicatorAnimationArc.swift in Sources */,
				0039D96424EE94F300026024 /* ActivityIndicatorDelegate.swift in Sources */,
				0039D94824EE94BF00026024 /* AppDelegate.swift in Sources */,
			);
			runOnlyForDeploymentPostprocessing = 0;
		};
/* End PBXSourcesBuildPhase section */

/* Begin PBXVariantGroup section */
		0039D94D24EE94BF00026024 /* Main.storyboard */ = {
			isa = PBXVariantGroup;
			children = (
				0039D94E24EE94BF00026024 /* Base */,
			);
			name = Main.storyboard;
			sourceTree = "<group>";
		};
		0039D95224EE94C000026024 /* LaunchScreen.storyboard */ = {
			isa = PBXVariantGroup;
			children = (
				0039D95324EE94C000026024 /* Base */,
			);
			name = LaunchScreen.storyboard;
			sourceTree = "<group>";
		};
/* End PBXVariantGroup section */

/* Begin XCBuildConfiguration section */
		0039D95624EE94C000026024 /* Debug */ = {
			isa = XCBuildConfiguration;
			buildSettings = {
				ALWAYS_SEARCH_USER_PATHS = NO;
				CLANG_ANALYZER_NONNULL = YES;
				CLANG_ANALYZER_NUMBER_OBJECT_CONVERSION = YES_AGGRESSIVE;
				CLANG_CXX_LANGUAGE_STANDARD = "gnu++14";
				CLANG_CXX_LIBRARY = "libc++";
				CLANG_ENABLE_MODULES = YES;
				CLANG_ENABLE_OBJC_ARC = YES;
				CLANG_ENABLE_OBJC_WEAK = YES;
				CLANG_WARN_BLOCK_CAPTURE_AUTORELEASING = YES;
				CLANG_WARN_BOOL_CONVERSION = YES;
				CLANG_WARN_COMMA = YES;
				CLANG_WARN_CONSTANT_CONVERSION = YES;
				CLANG_WARN_DEPRECATED_OBJC_IMPLEMENTATIONS = YES;
				CLANG_WARN_DIRECT_OBJC_ISA_USAGE = YES_ERROR;
				CLANG_WARN_DOCUMENTATION_COMMENTS = YES;
				CLANG_WARN_EMPTY_BODY = YES;
				CLANG_WARN_ENUM_CONVERSION = YES;
				CLANG_WARN_INFINITE_RECURSION = YES;
				CLANG_WARN_INT_CONVERSION = YES;
				CLANG_WARN_NON_LITERAL_NULL_CONVERSION = YES;
				CLANG_WARN_OBJC_IMPLICIT_RETAIN_SELF = YES;
				CLANG_WARN_OBJC_LITERAL_CONVERSION = YES;
				CLANG_WARN_OBJC_ROOT_CLASS = YES_ERROR;
				CLANG_WARN_RANGE_LOOP_ANALYSIS = YES;
				CLANG_WARN_STRICT_PROTOTYPES = YES;
				CLANG_WARN_SUSPICIOUS_MOVE = YES;
				CLANG_WARN_UNGUARDED_AVAILABILITY = YES_AGGRESSIVE;
				CLANG_WARN_UNREACHABLE_CODE = YES;
				CLANG_WARN__DUPLICATE_METHOD_MATCH = YES;
				COPY_PHASE_STRIP = NO;
				DEBUG_INFORMATION_FORMAT = dwarf;
				ENABLE_STRICT_OBJC_MSGSEND = YES;
				ENABLE_TESTABILITY = YES;
				GCC_C_LANGUAGE_STANDARD = gnu11;
				GCC_DYNAMIC_NO_PIC = NO;
				GCC_NO_COMMON_BLOCKS = YES;
				GCC_OPTIMIZATION_LEVEL = 0;
				GCC_PREPROCESSOR_DEFINITIONS = (
					"DEBUG=1",
					"$(inherited)",
				);
				GCC_WARN_64_TO_32_BIT_CONVERSION = YES;
				GCC_WARN_ABOUT_RETURN_TYPE = YES_ERROR;
				GCC_WARN_UNDECLARED_SELECTOR = YES;
				GCC_WARN_UNINITIALIZED_AUTOS = YES_AGGRESSIVE;
				GCC_WARN_UNUSED_FUNCTION = YES;
				GCC_WARN_UNUSED_VARIABLE = YES;
				IPHONEOS_DEPLOYMENT_TARGET = 13.2;
				MTL_ENABLE_DEBUG_INFO = INCLUDE_SOURCE;
				MTL_FAST_MATH = YES;
				ONLY_ACTIVE_ARCH = YES;
				SDKROOT = iphoneos;
				SWIFT_ACTIVE_COMPILATION_CONDITIONS = DEBUG;
				SWIFT_OPTIMIZATION_LEVEL = "-Onone";
			};
			name = Debug;
		};
		0039D95724EE94C000026024 /* Release */ = {
			isa = XCBuildConfiguration;
			buildSettings = {
				ALWAYS_SEARCH_USER_PATHS = NO;
				CLANG_ANALYZER_NONNULL = YES;
				CLANG_ANALYZER_NUMBER_OBJECT_CONVERSION = YES_AGGRESSIVE;
				CLANG_CXX_LANGUAGE_STANDARD = "gnu++14";
				CLANG_CXX_LIBRARY = "libc++";
				CLANG_ENABLE_MODULES = YES;
				CLANG_ENABLE_OBJC_ARC = YES;
				CLANG_ENABLE_OBJC_WEAK = YES;
				CLANG_WARN_BLOCK_CAPTURE_AUTORELEASING = YES;
				CLANG_WARN_BOOL_CONVERSION = YES;
				CLANG_WARN_COMMA = YES;
				CLANG_WARN_CONSTANT_CONVERSION = YES;
				CLANG_WARN_DEPRECATED_OBJC_IMPLEMENTATIONS = YES;
				CLANG_WARN_DIRECT_OBJC_ISA_USAGE = YES_ERROR;
				CLANG_WARN_DOCUMENTATION_COMMENTS = YES;
				CLANG_WARN_EMPTY_BODY = YES;
				CLANG_WARN_ENUM_CONVERSION = YES;
				CLANG_WARN_INFINITE_RECURSION = YES;
				CLANG_WARN_INT_CONVERSION = YES;
				CLANG_WARN_NON_LITERAL_NULL_CONVERSION = YES;
				CLANG_WARN_OBJC_IMPLICIT_RETAIN_SELF = YES;
				CLANG_WARN_OBJC_LITERAL_CONVERSION = YES;
				CLANG_WARN_OBJC_ROOT_CLASS = YES_ERROR;
				CLANG_WARN_RANGE_LOOP_ANALYSIS = YES;
				CLANG_WARN_STRICT_PROTOTYPES = YES;
				CLANG_WARN_SUSPICIOUS_MOVE = YES;
				CLANG_WARN_UNGUARDED_AVAILABILITY = YES_AGGRESSIVE;
				CLANG_WARN_UNREACHABLE_CODE = YES;
				CLANG_WARN__DUPLICATE_METHOD_MATCH = YES;
				COPY_PHASE_STRIP = NO;
				DEBUG_INFORMATION_FORMAT = "dwarf-with-dsym";
				ENABLE_NS_ASSERTIONS = NO;
				ENABLE_STRICT_OBJC_MSGSEND = YES;
				GCC_C_LANGUAGE_STANDARD = gnu11;
				GCC_NO_COMMON_BLOCKS = YES;
				GCC_WARN_64_TO_32_BIT_CONVERSION = YES;
				GCC_WARN_ABOUT_RETURN_TYPE = YES_ERROR;
				GCC_WARN_UNDECLARED_SELECTOR = YES;
				GCC_WARN_UNINITIALIZED_AUTOS = YES_AGGRESSIVE;
				GCC_WARN_UNUSED_FUNCTION = YES;
				GCC_WARN_UNUSED_VARIABLE = YES;
				IPHONEOS_DEPLOYMENT_TARGET = 13.2;
				MTL_ENABLE_DEBUG_INFO = NO;
				MTL_FAST_MATH = YES;
				SDKROOT = iphoneos;
				SWIFT_COMPILATION_MODE = wholemodule;
				SWIFT_OPTIMIZATION_LEVEL = "-O";
				VALIDATE_PRODUCT = YES;
			};
			name = Release;
		};
		0039D95924EE94C000026024 /* Debug */ = {
			isa = XCBuildConfiguration;
			buildSettings = {
				ASSETCATALOG_COMPILER_APPICON_NAME = AppIcon;
				CODE_SIGN_STYLE = Manual;
				DEVELOPMENT_TEAM = "";
				INFOPLIST_FILE = ArcLoader/Example/Info.plist;
				LD_RUNPATH_SEARCH_PATHS = (
					"$(inherited)",
					"@executable_path/Frameworks",
				);
				PRODUCT_BUNDLE_IDENTIFIER = com.app.ArcLoader;
				PRODUCT_NAME = "$(TARGET_NAME)";
				PROVISIONING_PROFILE_SPECIFIER = "";
				SWIFT_VERSION = 5.0;
				TARGETED_DEVICE_FAMILY = "1,2";
			};
			name = Debug;
		};
		0039D95A24EE94C000026024 /* Release */ = {
			isa = XCBuildConfiguration;
			buildSettings = {
				ASSETCATALOG_COMPILER_APPICON_NAME = AppIcon;
				CODE_SIGN_STYLE = Manual;
				DEVELOPMENT_TEAM = "";
				INFOPLIST_FILE = ArcLoader/Example/Info.plist;
				LD_RUNPATH_SEARCH_PATHS = (
					"$(inherited)",
					"@executable_path/Frameworks",
				);
				PRODUCT_BUNDLE_IDENTIFIER = com.app.ArcLoader;
				PRODUCT_NAME = "$(TARGET_NAME)";
				PROVISIONING_PROFILE_SPECIFIER = "";
				SWIFT_VERSION = 5.0;
				TARGETED_DEVICE_FAMILY = "1,2";
			};
			name = Release;
		};
/* End XCBuildConfiguration section */

/* Begin XCConfigurationList section */
		0039D93F24EE94BF00026024 /* Build configuration list for PBXProject "ArcLoader" */ = {
			isa = XCConfigurationList;
			buildConfigurations = (
				0039D95624EE94C000026024 /* Debug */,
				0039D95724EE94C000026024 /* Release */,
			);
			defaultConfigurationIsVisible = 0;
			defaultConfigurationName = Release;
		};
		0039D95824EE94C000026024 /* Build configuration list for PBXNativeTarget "ArcLoader" */ = {
			isa = XCConfigurationList;
			buildConfigurations = (
				0039D95924EE94C000026024 /* Debug */,
				0039D95A24EE94C000026024 /* Release */,
			);
			defaultConfigurationIsVisible = 0;
			defaultConfigurationName = Release;
		};
/* End XCConfigurationList section */
	};
	rootObject = 0039D93C24EE94BF00026024 /* Project object */;
}
